
Microsoft Visual Studio Solution File, Format Version 12.00
# Visual Studio Version 17
VisualStudioVersion = 17.3.32901.215
MinimumVisualStudioVersion = 10.0.40219.1
Project("{FAE04EC0-301F-11D3-BF4B-00C04F79EFBC}") = "Regex-Batch222", "Regex-Batch222\Regex-Batch222.csproj", "{37A660E3-DA0E-4E75-A985-520467A78A5F}"
EndProject
Global
	GlobalSection(SolutionConfigurationPlatforms) = preSolution
		Debug|Any CPU = Debug|Any CPU
		Release|Any CPU = Release|Any CPU
	EndGlobalSection
	GlobalSection(ProjectConfigurationPlatforms) = postSolution
		{37A660E3-DA0E-4E75-A985-520467A78A5F}.Debug|Any CPU.ActiveCfg = Debug|Any CPU
		{37A660E3-DA0E-4E75-A985-520467A78A5F}.Debug|Any CPU.Build.0 = Debug|Any CPU
		{37A660E3-DA0E-4E75-A985-520467A78A5F}.Release|Any CPU.ActiveCfg = Release|Any CPU
		{37A660E3-DA0E-4E75-A985-520467A78A5F}.Release|Any CPU.Build.0 = Release|Any CPU
	EndGlobalSection
	GlobalSection(SolutionProperties) = preSolution
		HideSolutionNode = FALSE
	EndGlobalSection
	GlobalSection(ExtensibilityGlobals) = postSolution
		SolutionGuid = {BE35AEC2-8023-4761-A062-B7469987EADF}
	EndGlobalSection
EndGlobal
